// !$*UTF8*$!
{
	archiveVersion = 1;
	classes = {
	};
	objectVersion = 46;
	objects = {

/* Begin PBXBuildFile section */
		A273472A1E4251FE00A7D1FF /* AppDelegate.swift in Sources */ = {isa = PBXBuildFile; fileRef = A27347291E4251FE00A7D1FF /* AppDelegate.swift */; };
		A273472C1E4251FE00A7D1FF /* ViewController.swift in Sources */ = {isa = PBXBuildFile; fileRef = A273472B1E4251FE00A7D1FF /* ViewController.swift */; };
		A273472F1E4251FE00A7D1FF /* Main.storyboard in Resources */ = {isa = PBXBuildFile; fileRef = A273472D1E4251FE00A7D1FF /* Main.storyboard */; };
		A27347311E4251FE00A7D1FF /* Assets.xcassets in Resources */ = {isa = PBXBuildFile; fileRef = A27347301E4251FE00A7D1FF /* Assets.xcassets */; };
		A27347341E4251FE00A7D1FF /* LaunchScreen.storyboard in Resources */ = {isa = PBXBuildFile; fileRef = A27347321E4251FE00A7D1FF /* LaunchScreen.storyboard */; };
/* End PBXBuildFile section */

/* Begin PBXFileReference section */
		A27347261E4251FE00A7D1FF /* 1RA_EVA_1_HOLA_MUNDO.app */ = {isa = PBXFileReference; explicitFileType = wrapper.application; includeInIndex = 0; path = 1RA_EVA_1_HOLA_MUNDO.app; sourceTree = BUILT_PRODUCTS_DIR; };
		A27347291E4251FE00A7D1FF /* AppDelegate.swift */ = {isa = PBXFileReference; lastKnownFileType = sourcecode.swift; path = AppDelegate.swift; sourceTree = "<group>"; };
		A273472B1E4251FE00A7D1FF /* ViewController.swift */ = {isa = PBXFileReference; lastKnownFileType = sourcecode.swift; path = ViewController.swift; sourceTree = "<group>"; };
		A273472E1E4251FE00A7D1FF /* Base */ = {isa = PBXFileReference; lastKnownFileType = file.storyboard; name = Base; path = Base.lproj/Main.storyboard; sourceTree = "<group>"; };
		A27347301E4251FE00A7D1FF /* Assets.xcassets */ = {isa = PBXFileReference; lastKnownFileType = folder.assetcatalog; path = Assets.xcassets; sourceTree = "<group>"; };
		A27347331E4251FE00A7D1FF /* Base */ = {isa = PBXFileReference; lastKnownFileType = file.storyboard; name = Base; path = Base.lproj/LaunchScreen.storyboard; sourceTree = "<group>"; };
		A27347351E4251FE00A7D1FF /* Info.plist */ = {isa = PBXFileReference; lastKnownFileType = text.plist.xml; path = Info.plist; sourceTree = "<group>"; };
/* End PBXFileReference section */

/* Begin PBXFrameworksBuildPhase section */
		A27347231E4251FE00A7D1FF /* Frameworks */ = {
			isa = PBXFrameworksBuildPhase;
			buildActionMask = 2147483647;
			files = (
			);
			runOnlyForDeploymentPostprocessing = 0;
		};
/* End PBXFrameworksBuildPhase section */

/* Begin PBXGroup section */
		A273471D1E4251FE00A7D1FF = {
			isa = PBXGroup;
			children = (
				A27347281E4251FE00A7D1FF /* 1RA_EVA_1_HOLA_MUNDO */,
				A27347271E4251FE00A7D1FF /* Products */,
			);
			sourceTree = "<group>";
		};
		A27347271E4251FE00A7D1FF /* Products */ = {
			isa = PBXGroup;
			children = (
				A27347261E4251FE00A7D1FF /* 1RA_EVA_1_HOLA_MUNDO.app */,
			);
			name = Products;
			sourceTree = "<group>";
		};
		A27347281E4251FE00A7D1FF /* 1RA_EVA_1_HOLA_MUNDO */ = {
			isa = PBXGroup;
			children = (
				A27347291E4251FE00A7D1FF /* AppDelegate.swift */,
				A273472B1E4251FE00A7D1FF /* ViewController.swift */,
				A273472D1E4251FE00A7D1FF /* Main.storyboard */,
				A27347301E4251FE00A7D1FF /* Assets.xcassets */,
				A27347321E4251FE00A7D1FF /* LaunchScreen.storyboard */,
				A27347351E4251FE00A7D1FF /* Info.plist */,
			);
			path = 1RA_EVA_1_HOLA_MUNDO;
			sourceTree = "<group>";
		};
/* End PBXGroup section */

/* Begin PBXNativeTarget section */
		A27347251E4251FE00A7D1FF /* 1RA_EVA_1_HOLA_MUNDO */ = {
			isa = PBXNativeTarget;
			buildConfigurationList = A27347381E4251FE00A7D1FF /* Build configuration list for PBXNativeTarget "1RA_EVA_1_HOLA_MUNDO" */;
			buildPhases = (
				A27347221E4251FE00A7D1FF /* Sources */,
				A27347231E4251FE00A7D1FF /* Frameworks */,
				A27347241E4251FE00A7D1FF /* Resources */,
			);
			buildRules = (
			);
			dependencies = (
			);
			name = 1RA_EVA_1_HOLA_MUNDO;
			productName = 1RA_EVA_1_HOLA_MUNDO;
			productReference = A27347261E4251FE00A7D1FF /* 1RA_EVA_1_HOLA_MUNDO.app */;
			productType = "com.apple.product-type.application";
		};
/* End PBXNativeTarget section */

/* Begin PBXProject section */
		A273471E1E4251FE00A7D1FF /* Project object */ = {
			isa = PBXProject;
			attributes = {
				LastUpgradeCheck = 0700;
				ORGANIZATIONNAME = comdanelly;
				TargetAttributes = {
					A27347251E4251FE00A7D1FF = {
						CreatedOnToolsVersion = 7.0;
					};
				};
			};
			buildConfigurationList = A27347211E4251FE00A7D1FF /* Build configuration list for PBXProject "1RA_EVA_1_HOLA_MUNDO" */;
			compatibilityVersion = "Xcode 3.2";
			developmentRegion = English;
			hasScannedForEncodings = 0;
			knownRegions = (
				en,
				Base,
			);
			mainGroup = A273471D1E4251FE00A7D1FF;
			productRefGroup = A27347271E4251FE00A7D1FF /* Products */;
			projectDirPath = "";
			projectRoot = "";
			targets = (
				A27347251E4251FE00A7D1FF /* 1RA_EVA_1_HOLA_MUNDO */,
			);
		};
/* End PBXProject section */

/* Begin PBXResourcesBuildPhase section */
		A27347241E4251FE00A7D1FF /* Resources */ = {
			isa = PBXResourcesBuildPhase;
			buildActionMask = 2147483647;
			files = (
				A27347341E4251FE00A7D1FF /* LaunchScreen.storyboard in Resources */,
				A27347311E4251FE00A7D1FF /* Assets.xcassets in Resources */,
				A273472F1E4251FE00A7D1FF /* Main.storyboard in Resources */,
			);
			runOnlyForDeploymentPostprocessing = 0;
		};
/* End PBXResourcesBuildPhase section */

/* Begin PBXSourcesBuildPhase section */
		A27347221E4251FE00A7D1FF /* Sources */ = {
			isa = PBXSourcesBuildPhase;
			buildActionMask = 2147483647;
			files = (
				A273472C1E4251FE00A7D1FF /* ViewController.swift in Sources */,
				A273472A1E4251FE00A7D1FF /* AppDelegate.swift in Sources */,
			);
			runOnlyForDeploymentPostprocessing = 0;
		};
/* End PBXSourcesBuildPhase section */

/* Begin PBXVariantGroup section */
		A273472D1E4251FE00A7D1FF /* Main.storyboard */ = {
			isa = PBXVariantGroup;
			children = (
				A273472E1E4251FE00A7D1FF /* Base */,
			);
			name = Main.storyboard;
			sourceTree = "<group>";
		};
		A27347321E4251FE00A7D1FF /* LaunchScreen.storyboard */ = {
			isa = PBXVariantGroup;
			children = (
				A27347331E4251FE00A7D1FF /* Base */,
			);
			name = LaunchScreen.storyboard;
			sourceTree = "<group>";
		};
/* End PBXVariantGroup section */

/* Begin XCBuildConfiguration section */
		A27347361E4251FE00A7D1FF /* Debug */ = {
			isa = XCBuildConfiguration;
			buildSettings = {
				ALWAYS_SEARCH_USER_PATHS = NO;
				CLANG_CXX_LANGUAGE_STANDARD = "gnu++0x";
				CLANG_CXX_LIBRARY = "libc++";
				CLANG_ENABLE_MODULES = YES;
				CLANG_ENABLE_OBJC_ARC = YES;
				CLANG_WARN_BOOL_CONVERSION = YES;
				CLANG_WARN_CONSTANT_CONVERSION = YES;
				CLANG_WARN_DIRECT_OBJC_ISA_USAGE = YES_ERROR;
				CLANG_WARN_EMPTY_BODY = YES;
				CLANG_WARN_ENUM_CONVERSION = YES;
				CLANG_WARN_INT_CONVERSION = YES;
				CLANG_WARN_OBJC_ROOT_CLASS = YES_ERROR;
				CLANG_WARN_UNREACHABLE_CODE = YES;
				CLANG_WARN__DUPLICATE_METHOD_MATCH = YES;
				"CODE_SIGN_IDENTITY[sdk=iphoneos*]" = "iPhone Developer";
				COPY_PHASE_STRIP = NO;
				DEBUG_INFORMATION_FORMAT = dwarf;
				ENABLE_STRICT_OBJC_MSGSEND = YES;
				ENABLE_TESTABILITY = YES;
				GCC_C_LANGUAGE_STANDARD = gnu99;
				GCC_DYNAMIC_NO_PIC = NO;
				GCC_NO_COMMON_BLOCKS = YES;
				GCC_OPTIMIZATION_LEVEL = 0;
				GCC_PREPROCESSOR_DEFINITIONS = (
					"DEBUG=1",
					"$(inherited)",
				);
				GCC_WARN_64_TO_32_BIT_CONVERSION = YES;
				GCC_WARN_ABOUT_RETURN_TYPE = YES_ERROR;
				GCC_WARN_UNDECLARED_SELECTOR = YES;
				GCC_WARN_UNINITIALIZED_AUTOS = YES_AGGRESSIVE;
				GCC_WARN_UNUSED_FUNCTION = YES;
				GCC_WARN_UNUSED_VARIABLE = YES;
				IPHONEOS_DEPLOYMENT_TARGET = 9.0;
				MTL_ENABLE_DEBUG_INFO = YES;
				ONLY_ACTIVE_ARCH = YES;
				SDKROOT = iphoneos;
				SWIFT_OPTIMIZATION_LEVEL = "-Onone";
				TARGETED_DEVICE_FAMILY = "1,2";
			};
			name = Debug;
		};
		A27347371E4251FE00A7D1FF /* Release */ = {
			isa = XCBuildConfiguration;
			buildSettings = {
				ALWAYS_SEARCH_USER_PATHS = NO;
				CLANG_CXX_LANGUAGE_STANDARD = "gnu++0x";
				CLANG_CXX_LIBRARY = "libc++";
				CLANG_ENABLE_MODULES = YES;
				CLANG_ENABLE_OBJC_ARC = YES;
				CLANG_WARN_BOOL_CONVERSION = YES;
				CLANG_WARN_CONSTANT_CONVERSION = YES;
				CLANG_WARN_DIRECT_OBJC_ISA_USAGE = YES_ERROR;
				CLANG_WARN_EMPTY_BODY = YES;
				CLANG_WARN_ENUM_CONVERSION = YES;
				CLANG_WARN_INT_CONVERSION = YES;
				CLANG_WARN_OBJC_ROOT_CLASS = YES_ERROR;
				CLANG_WARN_UNREACHABLE_CODE = YES;
				CLANG_WARN__DUPLICATE_METHOD_MATCH = YES;
				"CODE_SIGN_IDENTITY[sdk=iphoneos*]" = "iPhone Developer";
				COPY_PHASE_STRIP = NO;
				DEBUG_INFORMATION_FORMAT = "dwarf-with-dsym";
				ENABLE_NS_ASSERTIONS = NO;
				ENABLE_STRICT_OBJC_MSGSEND = YES;
				GCC_C_LANGUAGE_STANDARD = gnu99;
				GCC_NO_COMMON_BLOCKS = YES;
				GCC_WARN_64_TO_32_BIT_CONVERSION = YES;
				GCC_WARN_ABOUT_RETURN_TYPE = YES_ERROR;
				GCC_WARN_UNDECLARED_SELECTOR = YES;
				GCC_WARN_UNINITIALIZED_AUTOS = YES_AGGRESSIVE;
				GCC_WARN_UNUSED_FUNCTION = YES;
				GCC_WARN_UNUSED_VARIABLE = YES;
				IPHONEOS_DEPLOYMENT_TARGET = 9.0;
				MTL_ENABLE_DEBUG_INFO = NO;
				SDKROOT = iphoneos;
				TARGETED_DEVICE_FAMILY = "1,2";
				VALIDATE_PRODUCT = YES;
			};
			name = Release;
		};
		A27347391E4251FE00A7D1FF /* Debug */ = {
			isa = XCBuildConfiguration;
			buildSettings = {
				ASSETCATALOG_COMPILER_APPICON_NAME = AppIcon;
				INFOPLIST_FILE = 1RA_EVA_1_HOLA_MUNDO/Info.plist;
				LD_RUNPATH_SEARCH_PATHS = "$(inherited) @executable_path/Frameworks";
				PRODUCT_BUNDLE_IDENTIFIER = "comdanelly.-RA-EVA-1-HOLA-MUNDO";
				PRODUCT_NAME = "$(TARGET_NAME)";
			};
			name = Debug;
		};
		A273473A1E4251FE00A7D1FF /* Release */ = {
			isa = XCBuildConfiguration;
			buildSettings = {
				ASSETCATALOG_COMPILER_APPICON_NAME = AppIcon;
				INFOPLIST_FILE = 1RA_EVA_1_HOLA_MUNDO/Info.plist;
				LD_RUNPATH_SEARCH_PATHS = "$(inherited) @executable_path/Frameworks";
				PRODUCT_BUNDLE_IDENTIFIER = "comdanelly.-RA-EVA-1-HOLA-MUNDO";
				PRODUCT_NAME = "$(TARGET_NAME)";
			};
			name = Release;
		};
/* End XCBuildConfiguration section */

/* Begin XCConfigurationList section */
		A27347211E4251FE00A7D1FF /* Build configuration list for PBXProject "1RA_EVA_1_HOLA_MUNDO" */ = {
			isa = XCConfigurationList;
			buildConfigurations = (
				A27347361E4251FE00A7D1FF /* Debug */,
				A27347371E4251FE00A7D1FF /* Release */,
			);
			defaultConfigurationIsVisible = 0;
			defaultConfigurationName = Release;
		};
		A27347381E4251FE00A7D1FF /* Build configuration list for PBXNativeTarget "1RA_EVA_1_HOLA_MUNDO" */ = {
			isa = XCConfigurationList;
			buildConfigurations = (
				A27347391E4251FE00A7D1FF /* Debug */,
				A273473A1E4251FE00A7D1FF /* Release */,
			);
			defaultConfigurationIsVisible = 0;
		};
/* End XCConfigurationList section */
	};
	rootObject = A273471E1E4251FE00A7D1FF /* Project object */;
}
